// !$*UTF8*$!
{
	archiveVersion = 1;
	classes = {
	};
	objectVersion = 50;
	objects = {

/* Begin PBXBuildFile section */
		B9D36CA324CCC836009F5B55 /* AppDelegate.swift in Sources */ = {isa = PBXBuildFile; fileRef = B9D36CA224CCC836009F5B55 /* AppDelegate.swift */; };
		B9D36CA524CCC836009F5B55 /* SceneDelegate.swift in Sources */ = {isa = PBXBuildFile; fileRef = B9D36CA424CCC836009F5B55 /* SceneDelegate.swift */; };
		B9D36CA724CCC836009F5B55 /* ViewController.swift in Sources */ = {isa = PBXBuildFile; fileRef = B9D36CA624CCC836009F5B55 /* ViewController.swift */; };
		B9D36CAA24CCC836009F5B55 /* Main.storyboard in Resources */ = {isa = PBXBuildFile; fileRef = B9D36CA824CCC836009F5B55 /* Main.storyboard */; };
		B9D36CAC24CCC837009F5B55 /* Assets.xcassets in Resources */ = {isa = PBXBuildFile; fileRef = B9D36CAB24CCC837009F5B55 /* Assets.xcassets */; };
		B9D36CAF24CCC837009F5B55 /* LaunchScreen.storyboard in Resources */ = {isa = PBXBuildFile; fileRef = B9D36CAD24CCC837009F5B55 /* LaunchScreen.storyboard */; };
		B9D36CBA24CCC837009F5B55 /* Bookly___Free_EbooksTests.swift in Sources */ = {isa = PBXBuildFile; fileRef = B9D36CB924CCC837009F5B55 /* Bookly___Free_EbooksTests.swift */; };
		B9D36CC524CCC837009F5B55 /* Bookly___Free_EbooksUITests.swift in Sources */ = {isa = PBXBuildFile; fileRef = B9D36CC424CCC837009F5B55 /* Bookly___Free_EbooksUITests.swift */; };
/* End PBXBuildFile section */

/* Begin PBXContainerItemProxy section */
		B9D36CB624CCC837009F5B55 /* PBXContainerItemProxy */ = {
			isa = PBXContainerItemProxy;
			containerPortal = B9D36C9724CCC836009F5B55 /* Project object */;
			proxyType = 1;
			remoteGlobalIDString = B9D36C9E24CCC836009F5B55;
			remoteInfo = "Bookly - Free Ebooks";
		};
		B9D36CC124CCC837009F5B55 /* PBXContainerItemProxy */ = {
			isa = PBXContainerItemProxy;
			containerPortal = B9D36C9724CCC836009F5B55 /* Project object */;
			proxyType = 1;
			remoteGlobalIDString = B9D36C9E24CCC836009F5B55;
			remoteInfo = "Bookly - Free Ebooks";
		};
/* End PBXContainerItemProxy section */

/* Begin PBXFileReference section */
		B9D36C9F24CCC836009F5B55 /* Bookly - Free Ebooks.app */ = {isa = PBXFileReference; explicitFileType = wrapper.application; includeInIndex = 0; path = "Bookly - Free Ebooks.app"; sourceTree = BUILT_PRODUCTS_DIR; };
		B9D36CA224CCC836009F5B55 /* AppDelegate.swift */ = {isa = PBXFileReference; lastKnownFileType = sourcecode.swift; path = AppDelegate.swift; sourceTree = "<group>"; };
		B9D36CA424CCC836009F5B55 /* SceneDelegate.swift */ = {isa = PBXFileReference; lastKnownFileType = sourcecode.swift; path = SceneDelegate.swift; sourceTree = "<group>"; };
		B9D36CA624CCC836009F5B55 /* ViewController.swift */ = {isa = PBXFileReference; lastKnownFileType = sourcecode.swift; path = ViewController.swift; sourceTree = "<group>"; };
		B9D36CA924CCC836009F5B55 /* Base */ = {isa = PBXFileReference; lastKnownFileType = file.storyboard; name = Base; path = Base.lproj/Main.storyboard; sourceTree = "<group>"; };
		B9D36CAB24CCC837009F5B55 /* Assets.xcassets */ = {isa = PBXFileReference; lastKnownFileType = folder.assetcatalog; path = Assets.xcassets; sourceTree = "<group>"; };
		B9D36CAE24CCC837009F5B55 /* Base */ = {isa = PBXFileReference; lastKnownFileType = file.storyboard; name = Base; path = Base.lproj/LaunchScreen.storyboard; sourceTree = "<group>"; };
		B9D36CB024CCC837009F5B55 /* Info.plist */ = {isa = PBXFileReference; lastKnownFileType = text.plist.xml; path = Info.plist; sourceTree = "<group>"; };
		B9D36CB524CCC837009F5B55 /* Bookly - Free EbooksTests.xctest */ = {isa = PBXFileReference; explicitFileType = wrapper.cfbundle; includeInIndex = 0; path = "Bookly - Free EbooksTests.xctest"; sourceTree = BUILT_PRODUCTS_DIR; };
		B9D36CB924CCC837009F5B55 /* Bookly___Free_EbooksTests.swift */ = {isa = PBXFileReference; lastKnownFileType = sourcecode.swift; path = "Bookly___Free_EbooksTests.swift"; sourceTree = "<group>"; };
		B9D36CBB24CCC837009F5B55 /* Info.plist */ = {isa = PBXFileReference; lastKnownFileType = text.plist.xml; path = Info.plist; sourceTree = "<group>"; };
		B9D36CC024CCC837009F5B55 /* Bookly - Free EbooksUITests.xctest */ = {isa = PBXFileReference; explicitFileType = wrapper.cfbundle; includeInIndex = 0; path = "Bookly - Free EbooksUITests.xctest"; sourceTree = BUILT_PRODUCTS_DIR; };
		B9D36CC424CCC837009F5B55 /* Bookly___Free_EbooksUITests.swift */ = {isa = PBXFileReference; lastKnownFileType = sourcecode.swift; path = "Bookly___Free_EbooksUITests.swift"; sourceTree = "<group>"; };
		B9D36CC624CCC837009F5B55 /* Info.plist */ = {isa = PBXFileReference; lastKnownFileType = text.plist.xml; path = Info.plist; sourceTree = "<group>"; };
/* End PBXFileReference section */

/* Begin PBXFrameworksBuildPhase section */
		B9D36C9C24CCC836009F5B55 /* Frameworks */ = {
			isa = PBXFrameworksBuildPhase;
			buildActionMask = 2147483647;
			files = (
			);
			runOnlyForDeploymentPostprocessing = 0;
		};
		B9D36CB224CCC837009F5B55 /* Frameworks */ = {
			isa = PBXFrameworksBuildPhase;
			buildActionMask = 2147483647;
			files = (
			);
			runOnlyForDeploymentPostprocessing = 0;
		};
		B9D36CBD24CCC837009F5B55 /* Frameworks */ = {
			isa = PBXFrameworksBuildPhase;
			buildActionMask = 2147483647;
			files = (
			);
			runOnlyForDeploymentPostprocessing = 0;
		};
/* End PBXFrameworksBuildPhase section */

/* Begin PBXGroup section */
		B9D36C9624CCC836009F5B55 = {
			isa = PBXGroup;
			children = (
				B9D36CA124CCC836009F5B55 /* Bookly - Free Ebooks */,
				B9D36CB824CCC837009F5B55 /* Bookly - Free EbooksTests */,
				B9D36CC324CCC837009F5B55 /* Bookly - Free EbooksUITests */,
				B9D36CA024CCC836009F5B55 /* Products */,
			);
			sourceTree = "<group>";
		};
		B9D36CA024CCC836009F5B55 /* Products */ = {
			isa = PBXGroup;
			children = (
				B9D36C9F24CCC836009F5B55 /* Bookly - Free Ebooks.app */,
				B9D36CB524CCC837009F5B55 /* Bookly - Free EbooksTests.xctest */,
				B9D36CC024CCC837009F5B55 /* Bookly - Free EbooksUITests.xctest */,
			);
			name = Products;
			sourceTree = "<group>";
		};
		B9D36CA124CCC836009F5B55 /* Bookly - Free Ebooks */ = {
			isa = PBXGroup;
			children = (
				B9D36CA224CCC836009F5B55 /* AppDelegate.swift */,
				B9D36CA424CCC836009F5B55 /* SceneDelegate.swift */,
				B9D36CA624CCC836009F5B55 /* ViewController.swift */,
				B9D36CA824CCC836009F5B55 /* Main.storyboard */,
				B9D36CAB24CCC837009F5B55 /* Assets.xcassets */,
				B9D36CAD24CCC837009F5B55 /* LaunchScreen.storyboard */,
				B9D36CB024CCC837009F5B55 /* Info.plist */,
			);
			path = "Bookly - Free Ebooks";
			sourceTree = "<group>";
		};
		B9D36CB824CCC837009F5B55 /* Bookly - Free EbooksTests */ = {
			isa = PBXGroup;
			children = (
				B9D36CB924CCC837009F5B55 /* Bookly___Free_EbooksTests.swift */,
				B9D36CBB24CCC837009F5B55 /* Info.plist */,
			);
			path = "Bookly - Free EbooksTests";
			sourceTree = "<group>";
		};
		B9D36CC324CCC837009F5B55 /* Bookly - Free EbooksUITests */ = {
			isa = PBXGroup;
			children = (
				B9D36CC424CCC837009F5B55 /* Bookly___Free_EbooksUITests.swift */,
				B9D36CC624CCC837009F5B55 /* Info.plist */,
			);
			path = "Bookly - Free EbooksUITests";
			sourceTree = "<group>";
		};
/* End PBXGroup section */

/* Begin PBXNativeTarget section */
		B9D36C9E24CCC836009F5B55 /* Bookly - Free Ebooks */ = {
			isa = PBXNativeTarget;
			buildConfigurationList = B9D36CC924CCC837009F5B55 /* Build configuration list for PBXNativeTarget "Bookly - Free Ebooks" */;
			buildPhases = (
				B9D36C9B24CCC836009F5B55 /* Sources */,
				B9D36C9C24CCC836009F5B55 /* Frameworks */,
				B9D36C9D24CCC836009F5B55 /* Resources */,
			);
			buildRules = (
			);
			dependencies = (
			);
			name = "Bookly - Free Ebooks";
			productName = "Bookly - Free Ebooks";
			productReference = B9D36C9F24CCC836009F5B55 /* Bookly - Free Ebooks.app */;
			productType = "com.apple.product-type.application";
		};
		B9D36CB424CCC837009F5B55 /* Bookly - Free EbooksTests */ = {
			isa = PBXNativeTarget;
			buildConfigurationList = B9D36CCC24CCC837009F5B55 /* Build configuration list for PBXNativeTarget "Bookly - Free EbooksTests" */;
			buildPhases = (
				B9D36CB124CCC837009F5B55 /* Sources */,
				B9D36CB224CCC837009F5B55 /* Frameworks */,
				B9D36CB324CCC837009F5B55 /* Resources */,
			);
			buildRules = (
			);
			dependencies = (
				B9D36CB724CCC837009F5B55 /* PBXTargetDependency */,
			);
			name = "Bookly - Free EbooksTests";
			productName = "Bookly - Free EbooksTests";
			productReference = B9D36CB524CCC837009F5B55 /* Bookly - Free EbooksTests.xctest */;
			productType = "com.apple.product-type.bundle.unit-test";
		};
		B9D36CBF24CCC837009F5B55 /* Bookly - Free EbooksUITests */ = {
			isa = PBXNativeTarget;
			buildConfigurationList = B9D36CCF24CCC837009F5B55 /* Build configuration list for PBXNativeTarget "Bookly - Free EbooksUITests" */;
			buildPhases = (
				B9D36CBC24CCC837009F5B55 /* Sources */,
				B9D36CBD24CCC837009F5B55 /* Frameworks */,
				B9D36CBE24CCC837009F5B55 /* Resources */,
			);
			buildRules = (
			);
			dependencies = (
				B9D36CC224CCC837009F5B55 /* PBXTargetDependency */,
			);
			name = "Bookly - Free EbooksUITests";
			productName = "Bookly - Free EbooksUITests";
			productReference = B9D36CC024CCC837009F5B55 /* Bookly - Free EbooksUITests.xctest */;
			productType = "com.apple.product-type.bundle.ui-testing";
		};
/* End PBXNativeTarget section */

/* Begin PBXProject section */
		B9D36C9724CCC836009F5B55 /* Project object */ = {
			isa = PBXProject;
			attributes = {
				LastSwiftUpdateCheck = 1130;
				LastUpgradeCheck = 1130;
				ORGANIZATIONNAME = "Akshansh Thakur";
				TargetAttributes = {
					B9D36C9E24CCC836009F5B55 = {
						CreatedOnToolsVersion = 11.3;
					};
					B9D36CB424CCC837009F5B55 = {
						CreatedOnToolsVersion = 11.3;
						TestTargetID = B9D36C9E24CCC836009F5B55;
					};
					B9D36CBF24CCC837009F5B55 = {
						CreatedOnToolsVersion = 11.3;
						TestTargetID = B9D36C9E24CCC836009F5B55;
					};
				};
			};
			buildConfigurationList = B9D36C9A24CCC836009F5B55 /* Build configuration list for PBXProject "Bookly - Free Ebooks" */;
			compatibilityVersion = "Xcode 9.3";
			developmentRegion = en;
			hasScannedForEncodings = 0;
			knownRegions = (
				en,
				Base,
			);
			mainGroup = B9D36C9624CCC836009F5B55;
			productRefGroup = B9D36CA024CCC836009F5B55 /* Products */;
			projectDirPath = "";
			projectRoot = "";
			targets = (
				B9D36C9E24CCC836009F5B55 /* Bookly - Free Ebooks */,
				B9D36CB424CCC837009F5B55 /* Bookly - Free EbooksTests */,
				B9D36CBF24CCC837009F5B55 /* Bookly - Free EbooksUITests */,
			);
		};
/* End PBXProject section */

/* Begin PBXResourcesBuildPhase section */
		B9D36C9D24CCC836009F5B55 /* Resources */ = {
			isa = PBXResourcesBuildPhase;
			buildActionMask = 2147483647;
			files = (
				B9D36CAF24CCC837009F5B55 /* LaunchScreen.storyboard in Resources */,
				B9D36CAC24CCC837009F5B55 /* Assets.xcassets in Resources */,
				B9D36CAA24CCC836009F5B55 /* Main.storyboard in Resources */,
			);
			runOnlyForDeploymentPostprocessing = 0;
		};
		B9D36CB324CCC837009F5B55 /* Resources */ = {
			isa = PBXResourcesBuildPhase;
			buildActionMask = 2147483647;
			files = (
			);
			runOnlyForDeploymentPostprocessing = 0;
		};
		B9D36CBE24CCC837009F5B55 /* Resources */ = {
			isa = PBXResourcesBuildPhase;
			buildActionMask = 2147483647;
			files = (
			);
			runOnlyForDeploymentPostprocessing = 0;
		};
/* End PBXResourcesBuildPhase section */

/* Begin PBXSourcesBuildPhase section */
		B9D36C9B24CCC836009F5B55 /* Sources */ = {
			isa = PBXSourcesBuildPhase;
			buildActionMask = 2147483647;
			files = (
				B9D36CA724CCC836009F5B55 /* ViewController.swift in Sources */,
				B9D36CA324CCC836009F5B55 /* AppDelegate.swift in Sources */,
				B9D36CA524CCC836009F5B55 /* SceneDelegate.swift in Sources */,
			);
			runOnlyForDeploymentPostprocessing = 0;
		};
		B9D36CB124CCC837009F5B55 /* Sources */ = {
			isa = PBXSourcesBuildPhase;
			buildActionMask = 2147483647;
			files = (
				B9D36CBA24CCC837009F5B55 /* Bookly___Free_EbooksTests.swift in Sources */,
			);
			runOnlyForDeploymentPostprocessing = 0;
		};
		B9D36CBC24CCC837009F5B55 /* Sources */ = {
			isa = PBXSourcesBuildPhase;
			buildActionMask = 2147483647;
			files = (
				B9D36CC524CCC837009F5B55 /* Bookly___Free_EbooksUITests.swift in Sources */,
			);
			runOnlyForDeploymentPostprocessing = 0;
		};
/* End PBXSourcesBuildPhase section */

/* Begin PBXTargetDependency section */
		B9D36CB724CCC837009F5B55 /* PBXTargetDependency */ = {
			isa = PBXTargetDependency;
			target = B9D36C9E24CCC836009F5B55 /* Bookly - Free Ebooks */;
			targetProxy = B9D36CB624CCC837009F5B55 /* PBXContainerItemProxy */;
		};
		B9D36CC224CCC837009F5B55 /* PBXTargetDependency */ = {
			isa = PBXTargetDependency;
			target = B9D36C9E24CCC836009F5B55 /* Bookly - Free Ebooks */;
			targetProxy = B9D36CC124CCC837009F5B55 /* PBXContainerItemProxy */;
		};
/* End PBXTargetDependency section */

/* Begin PBXVariantGroup section */
		B9D36CA824CCC836009F5B55 /* Main.storyboard */ = {
			isa = PBXVariantGroup;
			children = (
				B9D36CA924CCC836009F5B55 /* Base */,
			);
			name = Main.storyboard;
			sourceTree = "<group>";
		};
		B9D36CAD24CCC837009F5B55 /* LaunchScreen.storyboard */ = {
			isa = PBXVariantGroup;
			children = (
				B9D36CAE24CCC837009F5B55 /* Base */,
			);
			name = LaunchScreen.storyboard;
			sourceTree = "<group>";
		};
/* End PBXVariantGroup section */

/* Begin XCBuildConfiguration section */
		B9D36CC724CCC837009F5B55 /* Debug */ = {
			isa = XCBuildConfiguration;
			buildSettings = {
				ALWAYS_SEARCH_USER_PATHS = NO;
				CLANG_ANALYZER_NONNULL = YES;
				CLANG_ANALYZER_NUMBER_OBJECT_CONVERSION = YES_AGGRESSIVE;
				CLANG_CXX_LANGUAGE_STANDARD = "gnu++14";
				CLANG_CXX_LIBRARY = "libc++";
				CLANG_ENABLE_MODULES = YES;
				CLANG_ENABLE_OBJC_ARC = YES;
				CLANG_ENABLE_OBJC_WEAK = YES;
				CLANG_WARN_BLOCK_CAPTURE_AUTORELEASING = YES;
				CLANG_WARN_BOOL_CONVERSION = YES;
				CLANG_WARN_COMMA = YES;
				CLANG_WARN_CONSTANT_CONVERSION = YES;
				CLANG_WARN_DEPRECATED_OBJC_IMPLEMENTATIONS = YES;
				CLANG_WARN_DIRECT_OBJC_ISA_USAGE = YES_ERROR;
				CLANG_WARN_DOCUMENTATION_COMMENTS = YES;
				CLANG_WARN_EMPTY_BODY = YES;
				CLANG_WARN_ENUM_CONVERSION = YES;
				CLANG_WARN_INFINITE_RECURSION = YES;
				CLANG_WARN_INT_CONVERSION = YES;
				CLANG_WARN_NON_LITERAL_NULL_CONVERSION = YES;
				CLANG_WARN_OBJC_IMPLICIT_RETAIN_SELF = YES;
				CLANG_WARN_OBJC_LITERAL_CONVERSION = YES;
				CLANG_WARN_OBJC_ROOT_CLASS = YES_ERROR;
				CLANG_WARN_RANGE_LOOP_ANALYSIS = YES;
				CLANG_WARN_STRICT_PROTOTYPES = YES;
				CLANG_WARN_SUSPICIOUS_MOVE = YES;
				CLANG_WARN_UNGUARDED_AVAILABILITY = YES_AGGRESSIVE;
				CLANG_WARN_UNREACHABLE_CODE = YES;
				CLANG_WARN__DUPLICATE_METHOD_MATCH = YES;
				COPY_PHASE_STRIP = NO;
				DEBUG_INFORMATION_FORMAT = dwarf;
				ENABLE_STRICT_OBJC_MSGSEND = YES;
				ENABLE_TESTABILITY = YES;
				GCC_C_LANGUAGE_STANDARD = gnu11;
				GCC_DYNAMIC_NO_PIC = NO;
				GCC_NO_COMMON_BLOCKS = YES;
				GCC_OPTIMIZATION_LEVEL = 0;
				GCC_PREPROCESSOR_DEFINITIONS = (
					"DEBUG=1",
					"$(inherited)",
				);
				GCC_WARN_64_TO_32_BIT_CONVERSION = YES;
				GCC_WARN_ABOUT_RETURN_TYPE = YES_ERROR;
				GCC_WARN_UNDECLARED_SELECTOR = YES;
				GCC_WARN_UNINITIALIZED_AUTOS = YES_AGGRESSIVE;
				GCC_WARN_UNUSED_FUNCTION = YES;
				GCC_WARN_UNUSED_VARIABLE = YES;
				IPHONEOS_DEPLOYMENT_TARGET = 13.2;
				MTL_ENABLE_DEBUG_INFO = INCLUDE_SOURCE;
				MTL_FAST_MATH = YES;
				ONLY_ACTIVE_ARCH = YES;
				SDKROOT = iphoneos;
				SWIFT_ACTIVE_COMPILATION_CONDITIONS = DEBUG;
				SWIFT_OPTIMIZATION_LEVEL = "-Onone";
			};
			name = Debug;
		};
		B9D36CC824CCC837009F5B55 /* Release */ = {
			isa = XCBuildConfiguration;
			buildSettings = {
				ALWAYS_SEARCH_USER_PATHS = NO;
				CLANG_ANALYZER_NONNULL = YES;
				CLANG_ANALYZER_NUMBER_OBJECT_CONVERSION = YES_AGGRESSIVE;
				CLANG_CXX_LANGUAGE_STANDARD = "gnu++14";
				CLANG_CXX_LIBRARY = "libc++";
				CLANG_ENABLE_MODULES = YES;
				CLANG_ENABLE_OBJC_ARC = YES;
				CLANG_ENABLE_OBJC_WEAK = YES;
				CLANG_WARN_BLOCK_CAPTURE_AUTORELEASING = YES;
				CLANG_WARN_BOOL_CONVERSION = YES;
				CLANG_WARN_COMMA = YES;
				CLANG_WARN_CONSTANT_CONVERSION = YES;
				CLANG_WARN_DEPRECATED_OBJC_IMPLEMENTATIONS = YES;
				CLANG_WARN_DIRECT_OBJC_ISA_USAGE = YES_ERROR;
				CLANG_WARN_DOCUMENTATION_COMMENTS = YES;
				CLANG_WARN_EMPTY_BODY = YES;
				CLANG_WARN_ENUM_CONVERSION = YES;
				CLANG_WARN_INFINITE_RECURSION = YES;
				CLANG_WARN_INT_CONVERSION = YES;
				CLANG_WARN_NON_LITERAL_NULL_CONVERSION = YES;
				CLANG_WARN_OBJC_IMPLICIT_RETAIN_SELF = YES;
				CLANG_WARN_OBJC_LITERAL_CONVERSION = YES;
				CLANG_WARN_OBJC_ROOT_CLASS = YES_ERROR;
				CLANG_WARN_RANGE_LOOP_ANALYSIS = YES;
				CLANG_WARN_STRICT_PROTOTYPES = YES;
				CLANG_WARN_SUSPICIOUS_MOVE = YES;
				CLANG_WARN_UNGUARDED_AVAILABILITY = YES_AGGRESSIVE;
				CLANG_WARN_UNREACHABLE_CODE = YES;
				CLANG_WARN__DUPLICATE_METHOD_MATCH = YES;
				COPY_PHASE_STRIP = NO;
				DEBUG_INFORMATION_FORMAT = "dwarf-with-dsym";
				ENABLE_NS_ASSERTIONS = NO;
				ENABLE_STRICT_OBJC_MSGSEND = YES;
				GCC_C_LANGUAGE_STANDARD = gnu11;
				GCC_NO_COMMON_BLOCKS = YES;
				GCC_WARN_64_TO_32_BIT_CONVERSION = YES;
				GCC_WARN_ABOUT_RETURN_TYPE = YES_ERROR;
				GCC_WARN_UNDECLARED_SELECTOR = YES;
				GCC_WARN_UNINITIALIZED_AUTOS = YES_AGGRESSIVE;
				GCC_WARN_UNUSED_FUNCTION = YES;
				GCC_WARN_UNUSED_VARIABLE = YES;
				IPHONEOS_DEPLOYMENT_TARGET = 13.2;
				MTL_ENABLE_DEBUG_INFO = NO;
				MTL_FAST_MATH = YES;
				SDKROOT = iphoneos;
				SWIFT_COMPILATION_MODE = wholemodule;
				SWIFT_OPTIMIZATION_LEVEL = "-O";
				VALIDATE_PRODUCT = YES;
			};
			name = Release;
		};
		B9D36CCA24CCC837009F5B55 /* Debug */ = {
			isa = XCBuildConfiguration;
			buildSettings = {
				ASSETCATALOG_COMPILER_APPICON_NAME = AppIcon;
				CODE_SIGN_STYLE = Automatic;
				DEVELOPMENT_TEAM = YZYQ4HKGUN;
				INFOPLIST_FILE = "Bookly - Free Ebooks/Info.plist";
				LD_RUNPATH_SEARCH_PATHS = (
					"$(inherited)",
					"@executable_path/Frameworks",
				);
				PRODUCT_BUNDLE_IDENTIFIER = "akshThakur.Bookly---Free-Ebooks";
				PRODUCT_NAME = "$(TARGET_NAME)";
				SWIFT_VERSION = 5.0;
				TARGETED_DEVICE_FAMILY = "1,2";
			};
			name = Debug;
		};
		B9D36CCB24CCC837009F5B55 /* Release */ = {
			isa = XCBuildConfiguration;
			buildSettings = {
				ASSETCATALOG_COMPILER_APPICON_NAME = AppIcon;
				CODE_SIGN_STYLE = Automatic;
				DEVELOPMENT_TEAM = YZYQ4HKGUN;
				INFOPLIST_FILE = "Bookly - Free Ebooks/Info.plist";
				LD_RUNPATH_SEARCH_PATHS = (
					"$(inherited)",
					"@executable_path/Frameworks",
				);
				PRODUCT_BUNDLE_IDENTIFIER = "akshThakur.Bookly---Free-Ebooks";
				PRODUCT_NAME = "$(TARGET_NAME)";
				SWIFT_VERSION = 5.0;
				TARGETED_DEVICE_FAMILY = "1,2";
			};
			name = Release;
		};
		B9D36CCD24CCC837009F5B55 /* Debug */ = {
			isa = XCBuildConfiguration;
			buildSettings = {
				ALWAYS_EMBED_SWIFT_STANDARD_LIBRARIES = YES;
				BUNDLE_LOADER = "$(TEST_HOST)";
				CODE_SIGN_STYLE = Automatic;
				DEVELOPMENT_TEAM = YZYQ4HKGUN;
				INFOPLIST_FILE = "Bookly - Free EbooksTests/Info.plist";
				IPHONEOS_DEPLOYMENT_TARGET = 13.2;
				LD_RUNPATH_SEARCH_PATHS = (
					"$(inherited)",
					"@executable_path/Frameworks",
					"@loader_path/Frameworks",
				);
				PRODUCT_BUNDLE_IDENTIFIER = "akshThakur.Bookly---Free-EbooksTests";
				PRODUCT_NAME = "$(TARGET_NAME)";
				SWIFT_VERSION = 5.0;
				TARGETED_DEVICE_FAMILY = "1,2";
				TEST_HOST = "$(BUILT_PRODUCTS_DIR)/Bookly - Free Ebooks.app/Bookly - Free Ebooks";
			};
			name = Debug;
		};
		B9D36CCE24CCC837009F5B55 /* Release */ = {
			isa = XCBuildConfiguration;
			buildSettings = {
				ALWAYS_EMBED_SWIFT_STANDARD_LIBRARIES = YES;
				BUNDLE_LOADER = "$(TEST_HOST)";
				CODE_SIGN_STYLE = Automatic;
				DEVELOPMENT_TEAM = YZYQ4HKGUN;
				INFOPLIST_FILE = "Bookly - Free EbooksTests/Info.plist";
				IPHONEOS_DEPLOYMENT_TARGET = 13.2;
				LD_RUNPATH_SEARCH_PATHS = (
					"$(inherited)",
					"@executable_path/Frameworks",
					"@loader_path/Frameworks",
				);
				PRODUCT_BUNDLE_IDENTIFIER = "akshThakur.Bookly---Free-EbooksTests";
				PRODUCT_NAME = "$(TARGET_NAME)";
				SWIFT_VERSION = 5.0;
				TARGETED_DEVICE_FAMILY = "1,2";
				TEST_HOST = "$(BUILT_PRODUCTS_DIR)/Bookly - Free Ebooks.app/Bookly - Free Ebooks";
			};
			name = Release;
		};
		B9D36CD024CCC837009F5B55 /* Debug */ = {
			isa = XCBuildConfiguration;
			buildSettings = {
				ALWAYS_EMBED_SWIFT_STANDARD_LIBRARIES = YES;
				CODE_SIGN_STYLE = Automatic;
				DEVELOPMENT_TEAM = YZYQ4HKGUN;
				INFOPLIST_FILE = "Bookly - Free EbooksUITests/Info.plist";
				LD_RUNPATH_SEARCH_PATHS = (
					"$(inherited)",
					"@executable_path/Frameworks",
					"@loader_path/Frameworks",
				);
				PRODUCT_BUNDLE_IDENTIFIER = "akshThakur.Bookly---Free-EbooksUITests";
				PRODUCT_NAME = "$(TARGET_NAME)";
				SWIFT_VERSION = 5.0;
				TARGETED_DEVICE_FAMILY = "1,2";
				TEST_TARGET_NAME = "Bookly - Free Ebooks";
			};
			name = Debug;
		};
		B9D36CD124CCC837009F5B55 /* Release */ = {
			isa = XCBuildConfiguration;
			buildSettings = {
				ALWAYS_EMBED_SWIFT_STANDARD_LIBRARIES = YES;
				CODE_SIGN_STYLE = Automatic;
				DEVELOPMENT_TEAM = YZYQ4HKGUN;
				INFOPLIST_FILE = "Bookly - Free EbooksUITests/Info.plist";
				LD_RUNPATH_SEARCH_PATHS = (
					"$(inherited)",
					"@executable_path/Frameworks",
					"@loader_path/Frameworks",
				);
				PRODUCT_BUNDLE_IDENTIFIER = "akshThakur.Bookly---Free-EbooksUITests";
				PRODUCT_NAME = "$(TARGET_NAME)";
				SWIFT_VERSION = 5.0;
				TARGETED_DEVICE_FAMILY = "1,2";
				TEST_TARGET_NAME = "Bookly - Free Ebooks";
			};
			name = Release;
		};
/* End XCBuildConfiguration section */

/* Begin XCConfigurationList section */
		B9D36C9A24CCC836009F5B55 /* Build configuration list for PBXProject "Bookly - Free Ebooks" */ = {
			isa = XCConfigurationList;
			buildConfigurations = (
				B9D36CC724CCC837009F5B55 /* Debug */,
				B9D36CC824CCC837009F5B55 /* Release */,
			);
			defaultConfigurationIsVisible = 0;
			defaultConfigurationName = Release;
		};
		B9D36CC924CCC837009F5B55 /* Build configuration list for PBXNativeTarget "Bookly - Free Ebooks" */ = {
			isa = XCConfigurationList;
			buildConfigurations = (
				B9D36CCA24CCC837009F5B55 /* Debug */,
				B9D36CCB24CCC837009F5B55 /* Release */,
			);
			defaultConfigurationIsVisible = 0;
			defaultConfigurationName = Release;
		};
		B9D36CCC24CCC837009F5B55 /* Build configuration list for PBXNativeTarget "Bookly - Free EbooksTests" */ = {
			isa = XCConfigurationList;
			buildConfigurations = (
				B9D36CCD24CCC837009F5B55 /* Debug */,
				B9D36CCE24CCC837009F5B55 /* Release */,
			);
			defaultConfigurationIsVisible = 0;
			defaultConfigurationName = Release;
		};
		B9D36CCF24CCC837009F5B55 /* Build configuration list for PBXNativeTarget "Bookly - Free EbooksUITests" */ = {
			isa = XCConfigurationList;
			buildConfigurations = (
				B9D36CD024CCC837009F5B55 /* Debug */,
				B9D36CD124CCC837009F5B55 /* Release */,
			);
			defaultConfigurationIsVisible = 0;
			defaultConfigurationName = Release;
		};
/* End XCConfigurationList section */
	};
	rootObject = B9D36C9724CCC836009F5B55 /* Project object */;
}
